<?xml version="1.0" encoding="utf-8"?>
<Project ToolsVersion="18.0" xmlns="http://schemas.microsoft.com/developer/msbuild/2003">
  <ItemGroup>
    <CustomBuild Include="D:\03_Projects\01_Actives\HFText\core\build-z7\CMakeFiles\155d3823583ed96f9d43ef091fe25907\generate.stamp.rule">
      <Filter>CMake Rules</Filter>
    </CustomBuild>
  </ItemGroup>
  <ItemGroup>
    <Filter Include="CMake Rules">
      <UniqueIdentifier>{A7D0DF1B-994E-3043-AB88-E00A7583B550}</UniqueIdentifier>
    </Filter>
  </ItemGroup>
</Project>
