<?xml version="1.0" encoding="utf-8"?>
<Project ToolsVersion="18.0" xmlns="http://schemas.microsoft.com/developer/msbuild/2003">
  <ItemGroup>
    <ClCompile Include="D:\03_Projects\01_Actives\HFText\core\src\crc16.cpp">
      <Filter>Source Files</Filter>
    </ClCompile>
    <ClCompile Include="D:\03_Projects\01_Actives\HFText\core\src\demodulator_fsk.cpp">
      <Filter>Source Files</Filter>
    </ClCompile>
    <ClCompile Include="D:\03_Projects\01_Actives\HFText\core\src\encoder.cpp">
      <Filter>Source Files</Filter>
    </ClCompile>
    <ClCompile Include="D:\03_Projects\01_Actives\HFText\core\src\frame.cpp">
      <Filter>Source Files</Filter>
    </ClCompile>
    <ClCompile Include="D:\03_Projects\01_Actives\HFText\core\src\hftext_core.cpp">
      <Filter>Source Files</Filter>
    </ClCompile>
    <ClCompile Include="D:\03_Projects\01_Actives\HFText\core\src\modulator_fsk.cpp">
      <Filter>Source Files</Filter>
    </ClCompile>
  </ItemGroup>
  <ItemGroup>
    <CustomBuild Include="D:\03_Projects\01_Actives\HFText\core\CMakeLists.txt" />
  </ItemGroup>
  <ItemGroup>
    <Filter Include="Source Files">
      <UniqueIdentifier>{432C0FAE-83FA-3CCC-905F-81830FCC9AA5}</UniqueIdentifier>
    </Filter>
  </ItemGroup>
</Project>
